
Microsoft Visual Studio Solution File, Format Version 12.00
# Visual Studio Version 16
VisualStudioVersion = 16.0.31424.327
MinimumVisualStudioVersion = 10.0.40219.1
Project("{FAE04EC0-301F-11D3-BF4B-00C04F79EFBC}") = "rhkwp0909", "rhkwp0909\rhkwp0909.csproj", "{7F409E1A-03AC-4C95-B2E2-782D9D353CCE}"
EndProject
Global
	GlobalSection(SolutionConfigurationPlatforms) = preSolution
		Debug|Any CPU = Debug|Any CPU
		Release|Any CPU = Release|Any CPU
	EndGlobalSection
	GlobalSection(ProjectConfigurationPlatforms) = postSolution
		{7F409E1A-03AC-4C95-B2E2-782D9D353CCE}.Debug|Any CPU.ActiveCfg = Debug|Any CPU
		{7F409E1A-03AC-4C95-B2E2-782D9D353CCE}.Debug|Any CPU.Build.0 = Debug|Any CPU
		{7F409E1A-03AC-4C95-B2E2-782D9D353CCE}.Release|Any CPU.ActiveCfg = Release|Any CPU
		{7F409E1A-03AC-4C95-B2E2-782D9D353CCE}.Release|Any CPU.Build.0 = Release|Any CPU
	EndGlobalSection
	GlobalSection(SolutionProperties) = preSolution
		HideSolutionNode = FALSE
	EndGlobalSection
	GlobalSection(ExtensibilityGlobals) = postSolution
		SolutionGuid = {2C61B112-9F26-479C-8306-55040D4462E6}
	EndGlobalSection
EndGlobal
